
Microsoft Visual Studio Solution File, Format Version 12.00
# Visual Studio Version 17
VisualStudioVersion = 17.5.33627.172
MinimumVisualStudioVersion = 10.0.40219.1
Project("{FAE04EC0-301F-11D3-BF4B-00C04F79EFBC}") = "WinformApp48", "WinformApp48\WinformApp48.csproj", "{B48BAEAC-F69E-4D1E-A1C0-3B494C877569}"
EndProject
Project("{2150E333-8FDC-42A3-9474-1A3956D46DE8}") = "솔루션 항목", "솔루션 항목", "{12A73183-4C62-4800-950B-B193DD383EFA}"
	ProjectSection(SolutionItems) = preProject
		.gitattributes = .gitattributes
		.gitignore = .gitignore
		LICENSE.txt = LICENSE.txt
		README.md = README.md
	EndProjectSection
EndProject
Global
	GlobalSection(SolutionConfigurationPlatforms) = preSolution
		Debug|Any CPU = Debug|Any CPU
		Release|Any CPU = Release|Any CPU
	EndGlobalSection
	GlobalSection(ProjectConfigurationPlatforms) = postSolution
		{B48BAEAC-F69E-4D1E-A1C0-3B494C877569}.Debug|Any CPU.ActiveCfg = Debug|Any CPU
		{B48BAEAC-F69E-4D1E-A1C0-3B494C877569}.Debug|Any CPU.Build.0 = Debug|Any CPU
		{B48BAEAC-F69E-4D1E-A1C0-3B494C877569}.Release|Any CPU.ActiveCfg = Release|Any CPU
		{B48BAEAC-F69E-4D1E-A1C0-3B494C877569}.Release|Any CPU.Build.0 = Release|Any CPU
	EndGlobalSection
	GlobalSection(SolutionProperties) = preSolution
		HideSolutionNode = FALSE
	EndGlobalSection
	GlobalSection(ExtensibilityGlobals) = postSolution
		SolutionGuid = {14AF3AE8-8670-43CE-AF9E-72C714A071A5}
	EndGlobalSection
EndGlobal
